
Microsoft Visual Studio Solution File, Format Version 12.00
# Visual Studio Version 16
VisualStudioVersion = 16.0.30711.63
MinimumVisualStudioVersion = 10.0.40219.1
Project("{FAE04EC0-301F-11D3-BF4B-00C04F79EFBC}") = "OutlawPVE", "Outlaw\OutlawPVE.csproj", "{044A863E-C1FE-49F0-B776-9BBD79CE072D}"
EndProject
Project("{FAE04EC0-301F-11D3-BF4B-00C04F79EFBC}") = "OutlawPVP", "OutlawPVP\OutlawPVP.csproj", "{60E5C9F2-37CD-49FD-B4CD-060BDB17F72B}"
EndProject
Project("{FAE04EC0-301F-11D3-BF4B-00C04F79EFBC}") = "Product", "Product\Product.csproj", "{3FD96463-3A34-4D32-B1B4-7F5017F41A11}"
EndProject
Project("{FAE04EC0-301F-11D3-BF4B-00C04F79EFBC}") = "StopFaceStunned", "StopFaceStunned\StopFaceStunned.csproj", "{5BA3E527-4C7D-45F7-BF10-C911F22574C6}"
EndProject
Project("{FAE04EC0-301F-11D3-BF4B-00C04F79EFBC}") = "AssPVP", "AssPVP\AssPVP.csproj", "{7382D6B6-7A03-4E78-8D0B-61EDD9A3FA1C}"
EndProject
Project("{FAE04EC0-301F-11D3-BF4B-00C04F79EFBC}") = "SubPVP", "SubPVP\SubPVP.csproj", "{66D48C4D-6B61-46D0-9530-A0E04A752065}"
EndProject
Project("{FAE04EC0-301F-11D3-BF4B-00C04F79EFBC}") = "SubPVE", "SubPVE\SubPVE.csproj", "{09F0C6C8-DFAF-4CD0-8DAB-1CDE140A6ADC}"
EndProject
Project("{FAE04EC0-301F-11D3-BF4B-00C04F79EFBC}") = "AssPVE", "AssPVE\AssPVE.csproj", "{6C13F396-3021-4AD0-9B81-8DC7DA53AD91}"
EndProject
Project("{FAE04EC0-301F-11D3-BF4B-00C04F79EFBC}") = "DiscPVE", "DiscPVE\DiscPVE.csproj", "{A41BEF08-4518-4C2E-BEEC-DA23BB350BD9}"
EndProject
Project("{FAE04EC0-301F-11D3-BF4B-00C04F79EFBC}") = "GuildInvite", "GuildInvite\GuildInvite.csproj", "{93D21A21-6810-408B-9689-4A9A31C47CA6}"
EndProject
Project("{FAE04EC0-301F-11D3-BF4B-00C04F79EFBC}") = "FirePVE", "FirePVE\FirePVE.csproj", "{83FECB95-161B-4C62-9E38-E85E8299074F}"
EndProject
Project("{FAE04EC0-301F-11D3-BF4B-00C04F79EFBC}") = "FirePVEMM", "FirePVEMM\FirePVEMM.csproj", "{1349A61E-7E88-4277-92A5-9A2B0B4174C6}"
EndProject
Project("{FAE04EC0-301F-11D3-BF4B-00C04F79EFBC}") = "Argus", "Argus\Argus.csproj", "{89AB8276-7C18-43F7-A5AC-DC77E4B74CC2}"
EndProject
Project("{FAE04EC0-301F-11D3-BF4B-00C04F79EFBC}") = "JumpCombustion", "JumpCombustion\JumpCombustion.csproj", "{2F72A217-C068-4C06-A2E0-FE93E68FA65D}"
EndProject
Project("{FAE04EC0-301F-11D3-BF4B-00C04F79EFBC}") = "ShadowPVE", "ShadowPVE\ShadowPVE.csproj", "{1AB1F1B9-B31F-4C48-A6C8-A7E60068B55E}"
EndProject
Global
	GlobalSection(SolutionConfigurationPlatforms) = preSolution
		Debug|Any CPU = Debug|Any CPU
		Release|Any CPU = Release|Any CPU
	EndGlobalSection
	GlobalSection(ProjectConfigurationPlatforms) = postSolution
		{044A863E-C1FE-49F0-B776-9BBD79CE072D}.Debug|Any CPU.ActiveCfg = Debug|Any CPU
		{044A863E-C1FE-49F0-B776-9BBD79CE072D}.Debug|Any CPU.Build.0 = Debug|Any CPU
		{044A863E-C1FE-49F0-B776-9BBD79CE072D}.Release|Any CPU.ActiveCfg = Release|Any CPU
		{044A863E-C1FE-49F0-B776-9BBD79CE072D}.Release|Any CPU.Build.0 = Release|Any CPU
		{60E5C9F2-37CD-49FD-B4CD-060BDB17F72B}.Debug|Any CPU.ActiveCfg = Debug|Any CPU
		{60E5C9F2-37CD-49FD-B4CD-060BDB17F72B}.Debug|Any CPU.Build.0 = Debug|Any CPU
		{60E5C9F2-37CD-49FD-B4CD-060BDB17F72B}.Release|Any CPU.ActiveCfg = Release|Any CPU
		{60E5C9F2-37CD-49FD-B4CD-060BDB17F72B}.Release|Any CPU.Build.0 = Release|Any CPU
		{3FD96463-3A34-4D32-B1B4-7F5017F41A11}.Debug|Any CPU.ActiveCfg = Debug|Any CPU
		{3FD96463-3A34-4D32-B1B4-7F5017F41A11}.Debug|Any CPU.Build.0 = Debug|Any CPU
		{3FD96463-3A34-4D32-B1B4-7F5017F41A11}.Release|Any CPU.ActiveCfg = Release|Any CPU
		{3FD96463-3A34-4D32-B1B4-7F5017F41A11}.Release|Any CPU.Build.0 = Release|Any CPU
		{5BA3E527-4C7D-45F7-BF10-C911F22574C6}.Debug|Any CPU.ActiveCfg = Debug|Any CPU
		{5BA3E527-4C7D-45F7-BF10-C911F22574C6}.Debug|Any CPU.Build.0 = Debug|Any CPU
		{5BA3E527-4C7D-45F7-BF10-C911F22574C6}.Release|Any CPU.ActiveCfg = Release|Any CPU
		{5BA3E527-4C7D-45F7-BF10-C911F22574C6}.Release|Any CPU.Build.0 = Release|Any CPU
		{7382D6B6-7A03-4E78-8D0B-61EDD9A3FA1C}.Debug|Any CPU.ActiveCfg = Debug|Any CPU
		{7382D6B6-7A03-4E78-8D0B-61EDD9A3FA1C}.Debug|Any CPU.Build.0 = Debug|Any CPU
		{7382D6B6-7A03-4E78-8D0B-61EDD9A3FA1C}.Release|Any CPU.ActiveCfg = Release|Any CPU
		{7382D6B6-7A03-4E78-8D0B-61EDD9A3FA1C}.Release|Any CPU.Build.0 = Release|Any CPU
		{66D48C4D-6B61-46D0-9530-A0E04A752065}.Debug|Any CPU.ActiveCfg = Debug|Any CPU
		{66D48C4D-6B61-46D0-9530-A0E04A752065}.Debug|Any CPU.Build.0 = Debug|Any CPU
		{66D48C4D-6B61-46D0-9530-A0E04A752065}.Release|Any CPU.ActiveCfg = Release|Any CPU
		{66D48C4D-6B61-46D0-9530-A0E04A752065}.Release|Any CPU.Build.0 = Release|Any CPU
		{09F0C6C8-DFAF-4CD0-8DAB-1CDE140A6ADC}.Debug|Any CPU.ActiveCfg = Debug|Any CPU
		{09F0C6C8-DFAF-4CD0-8DAB-1CDE140A6ADC}.Debug|Any CPU.Build.0 = Debug|Any CPU
		{09F0C6C8-DFAF-4CD0-8DAB-1CDE140A6ADC}.Release|Any CPU.ActiveCfg = Release|Any CPU
		{09F0C6C8-DFAF-4CD0-8DAB-1CDE140A6ADC}.Release|Any CPU.Build.0 = Release|Any CPU
		{6C13F396-3021-4AD0-9B81-8DC7DA53AD91}.Debug|Any CPU.ActiveCfg = Debug|Any CPU
		{6C13F396-3021-4AD0-9B81-8DC7DA53AD91}.Debug|Any CPU.Build.0 = Debug|Any CPU
		{6C13F396-3021-4AD0-9B81-8DC7DA53AD91}.Release|Any CPU.ActiveCfg = Release|Any CPU
		{6C13F396-3021-4AD0-9B81-8DC7DA53AD91}.Release|Any CPU.Build.0 = Release|Any CPU
		{A41BEF08-4518-4C2E-BEEC-DA23BB350BD9}.Debug|Any CPU.ActiveCfg = Debug|Any CPU
		{A41BEF08-4518-4C2E-BEEC-DA23BB350BD9}.Debug|Any CPU.Build.0 = Debug|Any CPU
		{A41BEF08-4518-4C2E-BEEC-DA23BB350BD9}.Release|Any CPU.ActiveCfg = Release|Any CPU
		{A41BEF08-4518-4C2E-BEEC-DA23BB350BD9}.Release|Any CPU.Build.0 = Release|Any CPU
		{93D21A21-6810-408B-9689-4A9A31C47CA6}.Debug|Any CPU.ActiveCfg = Debug|Any CPU
		{93D21A21-6810-408B-9689-4A9A31C47CA6}.Debug|Any CPU.Build.0 = Debug|Any CPU
		{93D21A21-6810-408B-9689-4A9A31C47CA6}.Release|Any CPU.ActiveCfg = Release|Any CPU
		{93D21A21-6810-408B-9689-4A9A31C47CA6}.Release|Any CPU.Build.0 = Release|Any CPU
		{83FECB95-161B-4C62-9E38-E85E8299074F}.Debug|Any CPU.ActiveCfg = Debug|Any CPU
		{83FECB95-161B-4C62-9E38-E85E8299074F}.Debug|Any CPU.Build.0 = Debug|Any CPU
		{83FECB95-161B-4C62-9E38-E85E8299074F}.Release|Any CPU.ActiveCfg = Release|Any CPU
		{83FECB95-161B-4C62-9E38-E85E8299074F}.Release|Any CPU.Build.0 = Release|Any CPU
		{1349A61E-7E88-4277-92A5-9A2B0B4174C6}.Debug|Any CPU.ActiveCfg = Debug|Any CPU
		{1349A61E-7E88-4277-92A5-9A2B0B4174C6}.Debug|Any CPU.Build.0 = Debug|Any CPU
		{1349A61E-7E88-4277-92A5-9A2B0B4174C6}.Release|Any CPU.ActiveCfg = Release|Any CPU
		{1349A61E-7E88-4277-92A5-9A2B0B4174C6}.Release|Any CPU.Build.0 = Release|Any CPU
		{89AB8276-7C18-43F7-A5AC-DC77E4B74CC2}.Debug|Any CPU.ActiveCfg = Debug|Any CPU
		{89AB8276-7C18-43F7-A5AC-DC77E4B74CC2}.Debug|Any CPU.Build.0 = Debug|Any CPU
		{89AB8276-7C18-43F7-A5AC-DC77E4B74CC2}.Release|Any CPU.ActiveCfg = Release|Any CPU
		{89AB8276-7C18-43F7-A5AC-DC77E4B74CC2}.Release|Any CPU.Build.0 = Release|Any CPU
		{2F72A217-C068-4C06-A2E0-FE93E68FA65D}.Debug|Any CPU.ActiveCfg = Debug|Any CPU
		{2F72A217-C068-4C06-A2E0-FE93E68FA65D}.Debug|Any CPU.Build.0 = Debug|Any CPU
		{2F72A217-C068-4C06-A2E0-FE93E68FA65D}.Release|Any CPU.ActiveCfg = Release|Any CPU
		{2F72A217-C068-4C06-A2E0-FE93E68FA65D}.Release|Any CPU.Build.0 = Release|Any CPU
		{1AB1F1B9-B31F-4C48-A6C8-A7E60068B55E}.Debug|Any CPU.ActiveCfg = Debug|Any CPU
		{1AB1F1B9-B31F-4C48-A6C8-A7E60068B55E}.Debug|Any CPU.Build.0 = Debug|Any CPU
		{1AB1F1B9-B31F-4C48-A6C8-A7E60068B55E}.Release|Any CPU.ActiveCfg = Release|Any CPU
		{1AB1F1B9-B31F-4C48-A6C8-A7E60068B55E}.Release|Any CPU.Build.0 = Release|Any CPU
	EndGlobalSection
	GlobalSection(SolutionProperties) = preSolution
		HideSolutionNode = FALSE
	EndGlobalSection
	GlobalSection(ExtensibilityGlobals) = postSolution
		SolutionGuid = {CFF212F6-463D-4F9A-936C-76AD484FB06C}
	EndGlobalSection
EndGlobal
